// !$*UTF8*$!
{
	archiveVersion = 1;
	classes = {
	};
	objectVersion = 55;
	objects = {

/* Begin PBXBuildFile section */
		C9A00A519D020C89C302CDD3 /* Pods_HW1December.framework in Frameworks */ = {isa = PBXBuildFile; fileRef = 71E9104EA087ECF311C9CD90 /* Pods_HW1December.framework */; };
		E6AEE6472772E3A000821DBD /* AppDelegate.swift in Sources */ = {isa = PBXBuildFile; fileRef = E6AEE6462772E3A000821DBD /* AppDelegate.swift */; };
		E6AEE6492772E3A000821DBD /* SceneDelegate.swift in Sources */ = {isa = PBXBuildFile; fileRef = E6AEE6482772E3A000821DBD /* SceneDelegate.swift */; };
		E6AEE64B2772E3A000821DBD /* ViewController.swift in Sources */ = {isa = PBXBuildFile; fileRef = E6AEE64A2772E3A000821DBD /* ViewController.swift */; };
		E6AEE64E2772E3A000821DBD /* Main.storyboard in Resources */ = {isa = PBXBuildFile; fileRef = E6AEE64C2772E3A000821DBD /* Main.storyboard */; };
		E6AEE6502772E3A200821DBD /* Assets.xcassets in Resources */ = {isa = PBXBuildFile; fileRef = E6AEE64F2772E3A200821DBD /* Assets.xcassets */; };
		E6AEE6532772E3A200821DBD /* LaunchScreen.storyboard in Resources */ = {isa = PBXBuildFile; fileRef = E6AEE6512772E3A200821DBD /* LaunchScreen.storyboard */; };
		E6AEE65B2773053500821DBD /* ViewControllerTwo.swift in Sources */ = {isa = PBXBuildFile; fileRef = E6AEE65A2773053500821DBD /* ViewControllerTwo.swift */; };
/* End PBXBuildFile section */

/* Begin PBXFileReference section */
		0DAE110CA48B57FD64AAB2DF /* Pods-HW1December.debug.xcconfig */ = {isa = PBXFileReference; includeInIndex = 1; lastKnownFileType = text.xcconfig; name = "Pods-HW1December.debug.xcconfig"; path = "Target Support Files/Pods-HW1December/Pods-HW1December.debug.xcconfig"; sourceTree = "<group>"; };
		2C6229B44E37C19998A62A89 /* Pods-HW1December.release.xcconfig */ = {isa = PBXFileReference; includeInIndex = 1; lastKnownFileType = text.xcconfig; name = "Pods-HW1December.release.xcconfig"; path = "Target Support Files/Pods-HW1December/Pods-HW1December.release.xcconfig"; sourceTree = "<group>"; };
		71E9104EA087ECF311C9CD90 /* Pods_HW1December.framework */ = {isa = PBXFileReference; explicitFileType = wrapper.framework; includeInIndex = 0; path = Pods_HW1December.framework; sourceTree = BUILT_PRODUCTS_DIR; };
		E6AEE6432772E3A000821DBD /* HW1December.app */ = {isa = PBXFileReference; explicitFileType = wrapper.application; includeInIndex = 0; path = HW1December.app; sourceTree = BUILT_PRODUCTS_DIR; };
		E6AEE6462772E3A000821DBD /* AppDelegate.swift */ = {isa = PBXFileReference; lastKnownFileType = sourcecode.swift; path = AppDelegate.swift; sourceTree = "<group>"; };
		E6AEE6482772E3A000821DBD /* SceneDelegate.swift */ = {isa = PBXFileReference; lastKnownFileType = sourcecode.swift; path = SceneDelegate.swift; sourceTree = "<group>"; };
		E6AEE64A2772E3A000821DBD /* ViewController.swift */ = {isa = PBXFileReference; lastKnownFileType = sourcecode.swift; path = ViewController.swift; sourceTree = "<group>"; };
		E6AEE64D2772E3A000821DBD /* Base */ = {isa = PBXFileReference; lastKnownFileType = file.storyboard; name = Base; path = Base.lproj/Main.storyboard; sourceTree = "<group>"; };
		E6AEE64F2772E3A200821DBD /* Assets.xcassets */ = {isa = PBXFileReference; lastKnownFileType = folder.assetcatalog; path = Assets.xcassets; sourceTree = "<group>"; };
		E6AEE6522772E3A200821DBD /* Base */ = {isa = PBXFileReference; lastKnownFileType = file.storyboard; name = Base; path = Base.lproj/LaunchScreen.storyboard; sourceTree = "<group>"; };
		E6AEE6542772E3A200821DBD /* Info.plist */ = {isa = PBXFileReference; lastKnownFileType = text.plist.xml; path = Info.plist; sourceTree = "<group>"; };
		E6AEE65A2773053500821DBD /* ViewControllerTwo.swift */ = {isa = PBXFileReference; lastKnownFileType = sourcecode.swift; path = ViewControllerTwo.swift; sourceTree = "<group>"; };
/* End PBXFileReference section */

/* Begin PBXFrameworksBuildPhase section */
		E6AEE6402772E3A000821DBD /* Frameworks */ = {
			isa = PBXFrameworksBuildPhase;
			buildActionMask = 2147483647;
			files = (
				C9A00A519D020C89C302CDD3 /* Pods_HW1December.framework in Frameworks */,
			);
			runOnlyForDeploymentPostprocessing = 0;
		};
/* End PBXFrameworksBuildPhase section */

/* Begin PBXGroup section */
		4AEB71595FD0CBBDB36D60CF /* Pods */ = {
			isa = PBXGroup;
			children = (
				0DAE110CA48B57FD64AAB2DF /* Pods-HW1December.debug.xcconfig */,
				2C6229B44E37C19998A62A89 /* Pods-HW1December.release.xcconfig */,
			);
			path = Pods;
			sourceTree = "<group>";
		};
		B7F56F427722A0EF189D2A71 /* Frameworks */ = {
			isa = PBXGroup;
			children = (
				71E9104EA087ECF311C9CD90 /* Pods_HW1December.framework */,
			);
			name = Frameworks;
			sourceTree = "<group>";
		};
		E6AEE63A2772E3A000821DBD = {
			isa = PBXGroup;
			children = (
				E6AEE6452772E3A000821DBD /* HW1December */,
				E6AEE6442772E3A000821DBD /* Products */,
				4AEB71595FD0CBBDB36D60CF /* Pods */,
				B7F56F427722A0EF189D2A71 /* Frameworks */,
			);
			sourceTree = "<group>";
		};
		E6AEE6442772E3A000821DBD /* Products */ = {
			isa = PBXGroup;
			children = (
				E6AEE6432772E3A000821DBD /* HW1December.app */,
			);
			name = Products;
			sourceTree = "<group>";
		};
		E6AEE6452772E3A000821DBD /* HW1December */ = {
			isa = PBXGroup;
			children = (
				E6AEE6462772E3A000821DBD /* AppDelegate.swift */,
				E6AEE6482772E3A000821DBD /* SceneDelegate.swift */,
				E6AEE64A2772E3A000821DBD /* ViewController.swift */,
				E6AEE64C2772E3A000821DBD /* Main.storyboard */,
				E6AEE64F2772E3A200821DBD /* Assets.xcassets */,
				E6AEE6512772E3A200821DBD /* LaunchScreen.storyboard */,
				E6AEE6542772E3A200821DBD /* Info.plist */,
				E6AEE65A2773053500821DBD /* ViewControllerTwo.swift */,
			);
			path = HW1December;
			sourceTree = "<group>";
		};
/* End PBXGroup section */

/* Begin PBXNativeTarget section */
		E6AEE6422772E3A000821DBD /* HW1December */ = {
			isa = PBXNativeTarget;
			buildConfigurationList = E6AEE6572772E3A200821DBD /* Build configuration list for PBXNativeTarget "HW1December" */;
			buildPhases = (
				761A29E5C54F17925886542B /* [CP] Check Pods Manifest.lock */,
				E6AEE63F2772E3A000821DBD /* Sources */,
				E6AEE6402772E3A000821DBD /* Frameworks */,
				E6AEE6412772E3A000821DBD /* Resources */,
				5084AE0258449498FAAFCC84 /* [CP] Embed Pods Frameworks */,
			);
			buildRules = (
			);
			dependencies = (
			);
			name = HW1December;
			productName = HW1December;
			productReference = E6AEE6432772E3A000821DBD /* HW1December.app */;
			productType = "com.apple.product-type.application";
		};
/* End PBXNativeTarget section */

/* Begin PBXProject section */
		E6AEE63B2772E3A000821DBD /* Project object */ = {
			isa = PBXProject;
			attributes = {
				BuildIndependentTargetsInParallel = 1;
				LastSwiftUpdateCheck = 1320;
				LastUpgradeCheck = 1320;
				TargetAttributes = {
					E6AEE6422772E3A000821DBD = {
						CreatedOnToolsVersion = 13.2.1;
					};
				};
			};
			buildConfigurationList = E6AEE63E2772E3A000821DBD /* Build configuration list for PBXProject "HW1December" */;
			compatibilityVersion = "Xcode 13.0";
			developmentRegion = en;
			hasScannedForEncodings = 0;
			knownRegions = (
				en,
				Base,
			);
			mainGroup = E6AEE63A2772E3A000821DBD;
			productRefGroup = E6AEE6442772E3A000821DBD /* Products */;
			projectDirPath = "";
			projectRoot = "";
			targets = (
				E6AEE6422772E3A000821DBD /* HW1December */,
			);
		};
/* End PBXProject section */

/* Begin PBXResourcesBuildPhase section */
		E6AEE6412772E3A000821DBD /* Resources */ = {
			isa = PBXResourcesBuildPhase;
			buildActionMask = 2147483647;
			files = (
				E6AEE6532772E3A200821DBD /* LaunchScreen.storyboard in Resources */,
				E6AEE6502772E3A200821DBD /* Assets.xcassets in Resources */,
				E6AEE64E2772E3A000821DBD /* Main.storyboard in Resources */,
			);
			runOnlyForDeploymentPostprocessing = 0;
		};
/* End PBXResourcesBuildPhase section */

/* Begin PBXShellScriptBuildPhase section */
		5084AE0258449498FAAFCC84 /* [CP] Embed Pods Frameworks */ = {
			isa = PBXShellScriptBuildPhase;
			buildActionMask = 2147483647;
			files = (
			);
			inputFileListPaths = (
				"${PODS_ROOT}/Target Support Files/Pods-HW1December/Pods-HW1December-frameworks-${CONFIGURATION}-input-files.xcfilelist",
			);
			name = "[CP] Embed Pods Frameworks";
			outputFileListPaths = (
				"${PODS_ROOT}/Target Support Files/Pods-HW1December/Pods-HW1December-frameworks-${CONFIGURATION}-output-files.xcfilelist",
			);
			runOnlyForDeploymentPostprocessing = 0;
			shellPath = /bin/sh;
			shellScript = "\"${PODS_ROOT}/Target Support Files/Pods-HW1December/Pods-HW1December-frameworks.sh\"\n";
			showEnvVarsInLog = 0;
		};
		761A29E5C54F17925886542B /* [CP] Check Pods Manifest.lock */ = {
			isa = PBXShellScriptBuildPhase;
			buildActionMask = 2147483647;
			files = (
			);
			inputFileListPaths = (
			);
			inputPaths = (
				"${PODS_PODFILE_DIR_PATH}/Podfile.lock",
				"${PODS_ROOT}/Manifest.lock",
			);
			name = "[CP] Check Pods Manifest.lock";
			outputFileListPaths = (
			);
			outputPaths = (
				"$(DERIVED_FILE_DIR)/Pods-HW1December-checkManifestLockResult.txt",
			);
			runOnlyForDeploymentPostprocessing = 0;
			shellPath = /bin/sh;
			shellScript = "diff \"${PODS_PODFILE_DIR_PATH}/Podfile.lock\" \"${PODS_ROOT}/Manifest.lock\" > /dev/null\nif [ $? != 0 ] ; then\n    # print error to STDERR\n    echo \"error: The sandbox is not in sync with the Podfile.lock. Run 'pod install' or update your CocoaPods installation.\" >&2\n    exit 1\nfi\n# This output is used by Xcode 'outputs' to avoid re-running this script phase.\necho \"SUCCESS\" > \"${SCRIPT_OUTPUT_FILE_0}\"\n";
			showEnvVarsInLog = 0;
		};
/* End PBXShellScriptBuildPhase section */

/* Begin PBXSourcesBuildPhase section */
		E6AEE63F2772E3A000821DBD /* Sources */ = {
			isa = PBXSourcesBuildPhase;
			buildActionMask = 2147483647;
			files = (
				E6AEE64B2772E3A000821DBD /* ViewController.swift in Sources */,
				E6AEE6472772E3A000821DBD /* AppDelegate.swift in Sources */,
				E6AEE6492772E3A000821DBD /* SceneDelegate.swift in Sources */,
				E6AEE65B2773053500821DBD /* ViewControllerTwo.swift in Sources */,
			);
			runOnlyForDeploymentPostprocessing = 0;
		};
/* End PBXSourcesBuildPhase section */

/* Begin PBXVariantGroup section */
		E6AEE64C2772E3A000821DBD /* Main.storyboard */ = {
			isa = PBXVariantGroup;
			children = (
				E6AEE64D2772E3A000821DBD /* Base */,
			);
			name = Main.storyboard;
			sourceTree = "<group>";
		};
		E6AEE6512772E3A200821DBD /* LaunchScreen.storyboard */ = {
			isa = PBXVariantGroup;
			children = (
				E6AEE6522772E3A200821DBD /* Base */,
			);
			name = LaunchScreen.storyboard;
			sourceTree = "<group>";
		};
/* End PBXVariantGroup section */

/* Begin XCBuildConfiguration section */
		E6AEE6552772E3A200821DBD /* Debug */ = {
			isa = XCBuildConfiguration;
			buildSettings = {
				ALWAYS_SEARCH_USER_PATHS = NO;
				CLANG_ANALYZER_NONNULL = YES;
				CLANG_ANALYZER_NUMBER_OBJECT_CONVERSION = YES_AGGRESSIVE;
				CLANG_CXX_LANGUAGE_STANDARD = "gnu++17";
				CLANG_CXX_LIBRARY = "libc++";
				CLANG_ENABLE_MODULES = YES;
				CLANG_ENABLE_OBJC_ARC = YES;
				CLANG_ENABLE_OBJC_WEAK = YES;
				CLANG_WARN_BLOCK_CAPTURE_AUTORELEASING = YES;
				CLANG_WARN_BOOL_CONVERSION = YES;
				CLANG_WARN_COMMA = YES;
				CLANG_WARN_CONSTANT_CONVERSION = YES;
				CLANG_WARN_DEPRECATED_OBJC_IMPLEMENTATIONS = YES;
				CLANG_WARN_DIRECT_OBJC_ISA_USAGE = YES_ERROR;
				CLANG_WARN_DOCUMENTATION_COMMENTS = YES;
				CLANG_WARN_EMPTY_BODY = YES;
				CLANG_WARN_ENUM_CONVERSION = YES;
				CLANG_WARN_INFINITE_RECURSION = YES;
				CLANG_WARN_INT_CONVERSION = YES;
				CLANG_WARN_NON_LITERAL_NULL_CONVERSION = YES;
				CLANG_WARN_OBJC_IMPLICIT_RETAIN_SELF = YES;
				CLANG_WARN_OBJC_LITERAL_CONVERSION = YES;
				CLANG_WARN_OBJC_ROOT_CLASS = YES_ERROR;
				CLANG_WARN_QUOTED_INCLUDE_IN_FRAMEWORK_HEADER = YES;
				CLANG_WARN_RANGE_LOOP_ANALYSIS = YES;
				CLANG_WARN_STRICT_PROTOTYPES = YES;
				CLANG_WARN_SUSPICIOUS_MOVE = YES;
				CLANG_WARN_UNGUARDED_AVAILABILITY = YES_AGGRESSIVE;
				CLANG_WARN_UNREACHABLE_CODE = YES;
				CLANG_WARN__DUPLICATE_METHOD_MATCH = YES;
				COPY_PHASE_STRIP = NO;
				DEBUG_INFORMATION_FORMAT = dwarf;
				ENABLE_STRICT_OBJC_MSGSEND = YES;
				ENABLE_TESTABILITY = YES;
				GCC_C_LANGUAGE_STANDARD = gnu11;
				GCC_DYNAMIC_NO_PIC = NO;
				GCC_NO_COMMON_BLOCKS = YES;
				GCC_OPTIMIZATION_LEVEL = 0;
				GCC_PREPROCESSOR_DEFINITIONS = (
					"DEBUG=1",
					"$(inherited)",
				);
				GCC_WARN_64_TO_32_BIT_CONVERSION = YES;
				GCC_WARN_ABOUT_RETURN_TYPE = YES_ERROR;
				GCC_WARN_UNDECLARED_SELECTOR = YES;
				GCC_WARN_UNINITIALIZED_AUTOS = YES_AGGRESSIVE;
				GCC_WARN_UNUSED_FUNCTION = YES;
				GCC_WARN_UNUSED_VARIABLE = YES;
				IPHONEOS_DEPLOYMENT_TARGET = 15.2;
				MTL_ENABLE_DEBUG_INFO = INCLUDE_SOURCE;
				MTL_FAST_MATH = YES;
				ONLY_ACTIVE_ARCH = YES;
				SDKROOT = iphoneos;
				SWIFT_ACTIVE_COMPILATION_CONDITIONS = DEBUG;
				SWIFT_OPTIMIZATION_LEVEL = "-Onone";
			};
			name = Debug;
		};
		E6AEE6562772E3A200821DBD /* Release */ = {
			isa = XCBuildConfiguration;
			buildSettings = {
				ALWAYS_SEARCH_USER_PATHS = NO;
				CLANG_ANALYZER_NONNULL = YES;
				CLANG_ANALYZER_NUMBER_OBJECT_CONVERSION = YES_AGGRESSIVE;
				CLANG_CXX_LANGUAGE_STANDARD = "gnu++17";
				CLANG_CXX_LIBRARY = "libc++";
				CLANG_ENABLE_MODULES = YES;
				CLANG_ENABLE_OBJC_ARC = YES;
				CLANG_ENABLE_OBJC_WEAK = YES;
				CLANG_WARN_BLOCK_CAPTURE_AUTORELEASING = YES;
				CLANG_WARN_BOOL_CONVERSION = YES;
				CLANG_WARN_COMMA = YES;
				CLANG_WARN_CONSTANT_CONVERSION = YES;
				CLANG_WARN_DEPRECATED_OBJC_IMPLEMENTATIONS = YES;
				CLANG_WARN_DIRECT_OBJC_ISA_USAGE = YES_ERROR;
				CLANG_WARN_DOCUMENTATION_COMMENTS = YES;
				CLANG_WARN_EMPTY_BODY = YES;
				CLANG_WARN_ENUM_CONVERSION = YES;
				CLANG_WARN_INFINITE_RECURSION = YES;
				CLANG_WARN_INT_CONVERSION = YES;
				CLANG_WARN_NON_LITERAL_NULL_CONVERSION = YES;
				CLANG_WARN_OBJC_IMPLICIT_RETAIN_SELF = YES;
				CLANG_WARN_OBJC_LITERAL_CONVERSION = YES;
				CLANG_WARN_OBJC_ROOT_CLASS = YES_ERROR;
				CLANG_WARN_QUOTED_INCLUDE_IN_FRAMEWORK_HEADER = YES;
				CLANG_WARN_RANGE_LOOP_ANALYSIS = YES;
				CLANG_WARN_STRICT_PROTOTYPES = YES;
				CLANG_WARN_SUSPICIOUS_MOVE = YES;
				CLANG_WARN_UNGUARDED_AVAILABILITY = YES_AGGRESSIVE;
				CLANG_WARN_UNREACHABLE_CODE = YES;
				CLANG_WARN__DUPLICATE_METHOD_MATCH = YES;
				COPY_PHASE_STRIP = NO;
				DEBUG_INFORMATION_FORMAT = "dwarf-with-dsym";
				ENABLE_NS_ASSERTIONS = NO;
				ENABLE_STRICT_OBJC_MSGSEND = YES;
				GCC_C_LANGUAGE_STANDARD = gnu11;
				GCC_NO_COMMON_BLOCKS = YES;
				GCC_WARN_64_TO_32_BIT_CONVERSION = YES;
				GCC_WARN_ABOUT_RETURN_TYPE = YES_ERROR;
				GCC_WARN_UNDECLARED_SELECTOR = YES;
				GCC_WARN_UNINITIALIZED_AUTOS = YES_AGGRESSIVE;
				GCC_WARN_UNUSED_FUNCTION = YES;
				GCC_WARN_UNUSED_VARIABLE = YES;
				IPHONEOS_DEPLOYMENT_TARGET = 15.2;
				MTL_ENABLE_DEBUG_INFO = NO;
				MTL_FAST_MATH = YES;
				SDKROOT = iphoneos;
				SWIFT_COMPILATION_MODE = wholemodule;
				SWIFT_OPTIMIZATION_LEVEL = "-O";
				VALIDATE_PRODUCT = YES;
			};
			name = Release;
		};
		E6AEE6582772E3A200821DBD /* Debug */ = {
			isa = XCBuildConfiguration;
			baseConfigurationReference = 0DAE110CA48B57FD64AAB2DF /* Pods-HW1December.debug.xcconfig */;
			buildSettings = {
				ASSETCATALOG_COMPILER_APPICON_NAME = AppIcon;
				ASSETCATALOG_COMPILER_GLOBAL_ACCENT_COLOR_NAME = AccentColor;
				CODE_SIGN_STYLE = Automatic;
				CURRENT_PROJECT_VERSION = 1;
				GENERATE_INFOPLIST_FILE = YES;
				INFOPLIST_FILE = HW1December/Info.plist;
				INFOPLIST_KEY_UIApplicationSupportsIndirectInputEvents = YES;
				INFOPLIST_KEY_UILaunchStoryboardName = LaunchScreen;
				INFOPLIST_KEY_UIMainStoryboardFile = Main;
				INFOPLIST_KEY_UISupportedInterfaceOrientations_iPad = "UIInterfaceOrientationPortrait UIInterfaceOrientationPortraitUpsideDown UIInterfaceOrientationLandscapeLeft UIInterfaceOrientationLandscapeRight";
				INFOPLIST_KEY_UISupportedInterfaceOrientations_iPhone = "UIInterfaceOrientationPortrait UIInterfaceOrientationLandscapeLeft UIInterfaceOrientationLandscapeRight";
				LD_RUNPATH_SEARCH_PATHS = (
					"$(inherited)",
					"@executable_path/Frameworks",
				);
				MARKETING_VERSION = 1.0;
				PRODUCT_BUNDLE_IDENTIFIER = com.Azamat.HW1December;
				PRODUCT_NAME = "$(TARGET_NAME)";
				SWIFT_EMIT_LOC_STRINGS = YES;
				SWIFT_VERSION = 5.0;
				TARGETED_DEVICE_FAMILY = "1,2";
			};
			name = Debug;
		};
		E6AEE6592772E3A200821DBD /* Release */ = {
			isa = XCBuildConfiguration;
			baseConfigurationReference = 2C6229B44E37C19998A62A89 /* Pods-HW1December.release.xcconfig */;
			buildSettings = {
				ASSETCATALOG_COMPILER_APPICON_NAME = AppIcon;
				ASSETCATALOG_COMPILER_GLOBAL_ACCENT_COLOR_NAME = AccentColor;
				CODE_SIGN_STYLE = Automatic;
				CURRENT_PROJECT_VERSION = 1;
				GENERATE_INFOPLIST_FILE = YES;
				INFOPLIST_FILE = HW1December/Info.plist;
				INFOPLIST_KEY_UIApplicationSupportsIndirectInputEvents = YES;
				INFOPLIST_KEY_UILaunchStoryboardName = LaunchScreen;
				INFOPLIST_KEY_UIMainStoryboardFile = Main;
				INFOPLIST_KEY_UISupportedInterfaceOrientations_iPad = "UIInterfaceOrientationPortrait UIInterfaceOrientationPortraitUpsideDown UIInterfaceOrientationLandscapeLeft UIInterfaceOrientationLandscapeRight";
				INFOPLIST_KEY_UISupportedInterfaceOrientations_iPhone = "UIInterfaceOrientationPortrait UIInterfaceOrientationLandscapeLeft UIInterfaceOrientationLandscapeRight";
				LD_RUNPATH_SEARCH_PATHS = (
					"$(inherited)",
					"@executable_path/Frameworks",
				);
				MARKETING_VERSION = 1.0;
				PRODUCT_BUNDLE_IDENTIFIER = com.Azamat.HW1December;
				PRODUCT_NAME = "$(TARGET_NAME)";
				SWIFT_EMIT_LOC_STRINGS = YES;
				SWIFT_VERSION = 5.0;
				TARGETED_DEVICE_FAMILY = "1,2";
			};
			name = Release;
		};
/* End XCBuildConfiguration section */

/* Begin XCConfigurationList section */
		E6AEE63E2772E3A000821DBD /* Build configuration list for PBXProject "HW1December" */ = {
			isa = XCConfigurationList;
			buildConfigurations = (
				E6AEE6552772E3A200821DBD /* Debug */,
				E6AEE6562772E3A200821DBD /* Release */,
			);
			defaultConfigurationIsVisible = 0;
			defaultConfigurationName = Release;
		};
		E6AEE6572772E3A200821DBD /* Build configuration list for PBXNativeTarget "HW1December" */ = {
			isa = XCConfigurationList;
			buildConfigurations = (
				E6AEE6582772E3A200821DBD /* Debug */,
				E6AEE6592772E3A200821DBD /* Release */,
			);
			defaultConfigurationIsVisible = 0;
			defaultConfigurationName = Release;
		};
/* End XCConfigurationList section */
	};
	rootObject = E6AEE63B2772E3A000821DBD /* Project object */;
}
